
Microsoft Visual Studio Solution File, Format Version 12.00
# Visual Studio Version 17
VisualStudioVersion = 17.7.34024.191
MinimumVisualStudioVersion = 10.0.40219.1
Project("{FAE04EC0-301F-11D3-BF4B-00C04F79EFBC}") = "Phase3SchoolDbAzure", "Phase3SchoolDbAzure\Phase3SchoolDbAzure.csproj", "{7F4972BD-B13E-4853-895C-30BAB2F8237C}"
EndProject
Global
	GlobalSection(SolutionConfigurationPlatforms) = preSolution
		Debug|Any CPU = Debug|Any CPU
		Release|Any CPU = Release|Any CPU
	EndGlobalSection
	GlobalSection(ProjectConfigurationPlatforms) = postSolution
		{7F4972BD-B13E-4853-895C-30BAB2F8237C}.Debug|Any CPU.ActiveCfg = Debug|Any CPU
		{7F4972BD-B13E-4853-895C-30BAB2F8237C}.Debug|Any CPU.Build.0 = Debug|Any CPU
		{7F4972BD-B13E-4853-895C-30BAB2F8237C}.Release|Any CPU.ActiveCfg = Release|Any CPU
		{7F4972BD-B13E-4853-895C-30BAB2F8237C}.Release|Any CPU.Build.0 = Release|Any CPU
	EndGlobalSection
	GlobalSection(SolutionProperties) = preSolution
		HideSolutionNode = FALSE
	EndGlobalSection
	GlobalSection(ExtensibilityGlobals) = postSolution
		SolutionGuid = {16A992D1-05E6-402C-BC46-84065031C741}
	EndGlobalSection
EndGlobal
